
Microsoft Visual Studio Solution File, Format Version 12.00
# Visual Studio Version 17
VisualStudioVersion = 17.14.36408.4
MinimumVisualStudioVersion = 10.0.40219.1
Project("{FAE04EC0-301F-11D3-BF4B-00C04F79EFBC}") = "TaskFlow.API", "TaskFlow\TaskFlow.API.csproj", "{D3F672CB-D93F-413C-9E0E-ED3B42453CB0}"
EndProject
Project("{FAE04EC0-301F-11D3-BF4B-00C04F79EFBC}") = "TaskFlow.Core", "TaskFlow.Core\TaskFlow.Core.csproj", "{2CC66F20-5411-49E2-9169-DC90D89E3709}"
EndProject
Project("{FAE04EC0-301F-11D3-BF4B-00C04F79EFBC}") = "TaskFlow.Infrastructure", "TaskFlow.Infrastructure\TaskFlow.Infrastructure.csproj", "{80B560A4-41EA-4378-A395-AEFD59A10C20}"
EndProject
Project("{FAE04EC0-301F-11D3-BF4B-00C04F79EFBC}") = "TaskFlow.Services", "TaskFlow.Services\TaskFlow.Services.csproj", "{43D0CEFD-E347-4E95-9F1B-075287ED015F}"
EndProject
Global
	GlobalSection(SolutionConfigurationPlatforms) = preSolution
		Debug|Any CPU = Debug|Any CPU
		Release|Any CPU = Release|Any CPU
	EndGlobalSection
	GlobalSection(ProjectConfigurationPlatforms) = postSolution
		{D3F672CB-D93F-413C-9E0E-ED3B42453CB0}.Debug|Any CPU.ActiveCfg = Debug|Any CPU
		{D3F672CB-D93F-413C-9E0E-ED3B42453CB0}.Debug|Any CPU.Build.0 = Debug|Any CPU
		{D3F672CB-D93F-413C-9E0E-ED3B42453CB0}.Release|Any CPU.ActiveCfg = Release|Any CPU
		{D3F672CB-D93F-413C-9E0E-ED3B42453CB0}.Release|Any CPU.Build.0 = Release|Any CPU
		{2CC66F20-5411-49E2-9169-DC90D89E3709}.Debug|Any CPU.ActiveCfg = Debug|Any CPU
		{2CC66F20-5411-49E2-9169-DC90D89E3709}.Debug|Any CPU.Build.0 = Debug|Any CPU
		{2CC66F20-5411-49E2-9169-DC90D89E3709}.Release|Any CPU.ActiveCfg = Release|Any CPU
		{2CC66F20-5411-49E2-9169-DC90D89E3709}.Release|Any CPU.Build.0 = Release|Any CPU
		{80B560A4-41EA-4378-A395-AEFD59A10C20}.Debug|Any CPU.ActiveCfg = Debug|Any CPU
		{80B560A4-41EA-4378-A395-AEFD59A10C20}.Debug|Any CPU.Build.0 = Debug|Any CPU
		{80B560A4-41EA-4378-A395-AEFD59A10C20}.Release|Any CPU.ActiveCfg = Release|Any CPU
		{80B560A4-41EA-4378-A395-AEFD59A10C20}.Release|Any CPU.Build.0 = Release|Any CPU
		{43D0CEFD-E347-4E95-9F1B-075287ED015F}.Debug|Any CPU.ActiveCfg = Debug|Any CPU
		{43D0CEFD-E347-4E95-9F1B-075287ED015F}.Debug|Any CPU.Build.0 = Debug|Any CPU
		{43D0CEFD-E347-4E95-9F1B-075287ED015F}.Release|Any CPU.ActiveCfg = Release|Any CPU
		{43D0CEFD-E347-4E95-9F1B-075287ED015F}.Release|Any CPU.Build.0 = Release|Any CPU
	EndGlobalSection
	GlobalSection(SolutionProperties) = preSolution
		HideSolutionNode = FALSE
	EndGlobalSection
	GlobalSection(ExtensibilityGlobals) = postSolution
		SolutionGuid = {A2A8A4EB-30A1-44AE-ADB4-0493850DB863}
	EndGlobalSection
EndGlobal
